
Microsoft Visual Studio Solution File, Format Version 12.00
# Visual Studio Version 16
VisualStudioVersion = 16.0.30804.86
MinimumVisualStudioVersion = 10.0.40219.1
Project("{9A19103F-16F7-4668-BE54-9A1E7A4F7556}") = "DataAccess", "DataAccess\DataAccess.csproj", "{2D5AC601-83A5-449D-9CFE-8E8979A8C43A}"
EndProject
Project("{9A19103F-16F7-4668-BE54-9A1E7A4F7556}") = "Business", "Business\Business.csproj", "{BE25DF51-7D4A-4DEF-ACF6-FA0A21650A6C}"
EndProject
Project("{9A19103F-16F7-4668-BE54-9A1E7A4F7556}") = "Entities", "Entities\Entities.csproj", "{62E6F375-A927-43DB-8420-6E2B3EA355B0}"
EndProject
Project("{9A19103F-16F7-4668-BE54-9A1E7A4F7556}") = "ConsoleUI", "ConsoleUI\ConsoleUI.csproj", "{A84BEEF9-63B9-4223-8BE0-72A91052B248}"
EndProject
Project("{FAE04EC0-301F-11D3-BF4B-00C04F79EFBC}") = "Core", "Core\Core.csproj", "{F40F4994-940E-4F32-B4DD-4B59E587771D}"
EndProject
Global
	GlobalSection(SolutionConfigurationPlatforms) = preSolution
		Debug|Any CPU = Debug|Any CPU
		Release|Any CPU = Release|Any CPU
	EndGlobalSection
	GlobalSection(ProjectConfigurationPlatforms) = postSolution
		{2D5AC601-83A5-449D-9CFE-8E8979A8C43A}.Debug|Any CPU.ActiveCfg = Debug|Any CPU
		{2D5AC601-83A5-449D-9CFE-8E8979A8C43A}.Debug|Any CPU.Build.0 = Debug|Any CPU
		{2D5AC601-83A5-449D-9CFE-8E8979A8C43A}.Release|Any CPU.ActiveCfg = Release|Any CPU
		{2D5AC601-83A5-449D-9CFE-8E8979A8C43A}.Release|Any CPU.Build.0 = Release|Any CPU
		{BE25DF51-7D4A-4DEF-ACF6-FA0A21650A6C}.Debug|Any CPU.ActiveCfg = Debug|Any CPU
		{BE25DF51-7D4A-4DEF-ACF6-FA0A21650A6C}.Debug|Any CPU.Build.0 = Debug|Any CPU
		{BE25DF51-7D4A-4DEF-ACF6-FA0A21650A6C}.Release|Any CPU.ActiveCfg = Release|Any CPU
		{BE25DF51-7D4A-4DEF-ACF6-FA0A21650A6C}.Release|Any CPU.Build.0 = Release|Any CPU
		{62E6F375-A927-43DB-8420-6E2B3EA355B0}.Debug|Any CPU.ActiveCfg = Debug|Any CPU
		{62E6F375-A927-43DB-8420-6E2B3EA355B0}.Debug|Any CPU.Build.0 = Debug|Any CPU
		{62E6F375-A927-43DB-8420-6E2B3EA355B0}.Release|Any CPU.ActiveCfg = Release|Any CPU
		{62E6F375-A927-43DB-8420-6E2B3EA355B0}.Release|Any CPU.Build.0 = Release|Any CPU
		{A84BEEF9-63B9-4223-8BE0-72A91052B248}.Debug|Any CPU.ActiveCfg = Debug|Any CPU
		{A84BEEF9-63B9-4223-8BE0-72A91052B248}.Debug|Any CPU.Build.0 = Debug|Any CPU
		{A84BEEF9-63B9-4223-8BE0-72A91052B248}.Release|Any CPU.ActiveCfg = Release|Any CPU
		{A84BEEF9-63B9-4223-8BE0-72A91052B248}.Release|Any CPU.Build.0 = Release|Any CPU
		{F40F4994-940E-4F32-B4DD-4B59E587771D}.Debug|Any CPU.ActiveCfg = Debug|Any CPU
		{F40F4994-940E-4F32-B4DD-4B59E587771D}.Debug|Any CPU.Build.0 = Debug|Any CPU
		{F40F4994-940E-4F32-B4DD-4B59E587771D}.Release|Any CPU.ActiveCfg = Release|Any CPU
		{F40F4994-940E-4F32-B4DD-4B59E587771D}.Release|Any CPU.Build.0 = Release|Any CPU
	EndGlobalSection
	GlobalSection(SolutionProperties) = preSolution
		HideSolutionNode = FALSE
	EndGlobalSection
	GlobalSection(ExtensibilityGlobals) = postSolution
		SolutionGuid = {A7FB1B9D-315A-44B8-AD9D-0A16213458FE}
	EndGlobalSection
EndGlobal
